
Microsoft Visual Studio Solution File, Format Version 12.00
# Visual Studio 14
VisualStudioVersion = 14.0.25420.1
MinimumVisualStudioVersion = 10.0.40219.1
Project("{8BC9CEB8-8B4A-11D0-8D11-00A0C91BC942}") = "Core", "Core\Core.vcxproj", "{97069667-CF9A-4B18-915F-D8F58CDDC9C6}"
EndProject
Project("{8BC9CEB8-8B4A-11D0-8D11-00A0C91BC942}") = "Client", "Client\Client.vcxproj", "{468918E8-6381-47B9-9E6C-EA55268BDF52}"
EndProject
Project("{8BC9CEB8-8B4A-11D0-8D11-00A0C91BC942}") = "Editor", "Editor\Editor.vcxproj", "{C199B510-F615-4533-9761-EFF31D6720FF}"
EndProject
Project("{8BC9CEB8-8B4A-11D0-8D11-00A0C91BC942}") = "Container", "Container\Container.vcxproj", "{23C4696E-12C8-4771-A0CA-A73D0660E21A}"
EndProject
Project("{8BC9CEB8-8B4A-11D0-8D11-00A0C91BC942}") = "Shader", "Shader\Shader.vcxproj", "{50B0C194-F7CD-4493-9219-856D83EACA0A}"
EndProject
Project("{8BC9CEB8-8B4A-11D0-8D11-00A0C91BC942}") = "UnityPro", "UnityPro\UnityPro.vcxproj", "{209C86C1-13AC-4AB6-A5AB-76210FC07A4B}"
EndProject
Project("{8BC9CEB8-8B4A-11D0-8D11-00A0C91BC942}") = "UClient", "UClient\UClient.vcxproj", "{F6CA7EBF-9431-4A7A-B2A5-35A2E6F9F4EF}"
EndProject
Project("{8BC9CEB8-8B4A-11D0-8D11-00A0C91BC942}") = "UEditor", "UEditor\UEditor.vcxproj", "{54284E7E-3AA0-4BAC-836E-EC6ADAC393D1}"
EndProject
Project("{8BC9CEB8-8B4A-11D0-8D11-00A0C91BC942}") = "KVideo", "KVideo\KVideo.vcxproj", "{61D810AB-67A5-4A54-B6E5-1D752402143A}"
EndProject
Global
	GlobalSection(SolutionConfigurationPlatforms) = preSolution
		Debug|x64 = Debug|x64
		Debug|x86 = Debug|x86
		Release|x64 = Release|x64
		Release|x86 = Release|x86
	EndGlobalSection
	GlobalSection(ProjectConfigurationPlatforms) = postSolution
		{97069667-CF9A-4B18-915F-D8F58CDDC9C6}.Debug|x64.ActiveCfg = Debug|x64
		{97069667-CF9A-4B18-915F-D8F58CDDC9C6}.Debug|x64.Build.0 = Debug|x64
		{97069667-CF9A-4B18-915F-D8F58CDDC9C6}.Debug|x86.ActiveCfg = Debug|Win32
		{97069667-CF9A-4B18-915F-D8F58CDDC9C6}.Debug|x86.Build.0 = Debug|Win32
		{97069667-CF9A-4B18-915F-D8F58CDDC9C6}.Release|x64.ActiveCfg = Release|x64
		{97069667-CF9A-4B18-915F-D8F58CDDC9C6}.Release|x64.Build.0 = Release|x64
		{97069667-CF9A-4B18-915F-D8F58CDDC9C6}.Release|x86.ActiveCfg = Release|Win32
		{97069667-CF9A-4B18-915F-D8F58CDDC9C6}.Release|x86.Build.0 = Release|Win32
		{468918E8-6381-47B9-9E6C-EA55268BDF52}.Debug|x64.ActiveCfg = Debug|x64
		{468918E8-6381-47B9-9E6C-EA55268BDF52}.Debug|x64.Build.0 = Debug|x64
		{468918E8-6381-47B9-9E6C-EA55268BDF52}.Debug|x86.ActiveCfg = Debug|Win32
		{468918E8-6381-47B9-9E6C-EA55268BDF52}.Debug|x86.Build.0 = Debug|Win32
		{468918E8-6381-47B9-9E6C-EA55268BDF52}.Release|x64.ActiveCfg = Release|x64
		{468918E8-6381-47B9-9E6C-EA55268BDF52}.Release|x64.Build.0 = Release|x64
		{468918E8-6381-47B9-9E6C-EA55268BDF52}.Release|x86.ActiveCfg = Release|Win32
		{468918E8-6381-47B9-9E6C-EA55268BDF52}.Release|x86.Build.0 = Release|Win32
		{C199B510-F615-4533-9761-EFF31D6720FF}.Debug|x64.ActiveCfg = Debug|x64
		{C199B510-F615-4533-9761-EFF31D6720FF}.Debug|x64.Build.0 = Debug|x64
		{C199B510-F615-4533-9761-EFF31D6720FF}.Debug|x86.ActiveCfg = Debug|Win32
		{C199B510-F615-4533-9761-EFF31D6720FF}.Debug|x86.Build.0 = Debug|Win32
		{C199B510-F615-4533-9761-EFF31D6720FF}.Release|x64.ActiveCfg = Release|x64
		{C199B510-F615-4533-9761-EFF31D6720FF}.Release|x64.Build.0 = Release|x64
		{C199B510-F615-4533-9761-EFF31D6720FF}.Release|x86.ActiveCfg = Release|Win32
		{C199B510-F615-4533-9761-EFF31D6720FF}.Release|x86.Build.0 = Release|Win32
		{23C4696E-12C8-4771-A0CA-A73D0660E21A}.Debug|x64.ActiveCfg = Debug|x64
		{23C4696E-12C8-4771-A0CA-A73D0660E21A}.Debug|x64.Build.0 = Debug|x64
		{23C4696E-12C8-4771-A0CA-A73D0660E21A}.Debug|x86.ActiveCfg = Debug|Win32
		{23C4696E-12C8-4771-A0CA-A73D0660E21A}.Debug|x86.Build.0 = Debug|Win32
		{23C4696E-12C8-4771-A0CA-A73D0660E21A}.Release|x64.ActiveCfg = Release|x64
		{23C4696E-12C8-4771-A0CA-A73D0660E21A}.Release|x64.Build.0 = Release|x64
		{23C4696E-12C8-4771-A0CA-A73D0660E21A}.Release|x86.ActiveCfg = Release|Win32
		{23C4696E-12C8-4771-A0CA-A73D0660E21A}.Release|x86.Build.0 = Release|Win32
		{50B0C194-F7CD-4493-9219-856D83EACA0A}.Debug|x64.ActiveCfg = Debug|x64
		{50B0C194-F7CD-4493-9219-856D83EACA0A}.Debug|x64.Build.0 = Debug|x64
		{50B0C194-F7CD-4493-9219-856D83EACA0A}.Debug|x86.ActiveCfg = Debug|Win32
		{50B0C194-F7CD-4493-9219-856D83EACA0A}.Debug|x86.Build.0 = Debug|Win32
		{50B0C194-F7CD-4493-9219-856D83EACA0A}.Release|x64.ActiveCfg = Release|x64
		{50B0C194-F7CD-4493-9219-856D83EACA0A}.Release|x64.Build.0 = Release|x64
		{50B0C194-F7CD-4493-9219-856D83EACA0A}.Release|x86.ActiveCfg = Release|Win32
		{50B0C194-F7CD-4493-9219-856D83EACA0A}.Release|x86.Build.0 = Release|Win32
		{209C86C1-13AC-4AB6-A5AB-76210FC07A4B}.Debug|x64.ActiveCfg = Debug|x64
		{209C86C1-13AC-4AB6-A5AB-76210FC07A4B}.Debug|x64.Build.0 = Debug|x64
		{209C86C1-13AC-4AB6-A5AB-76210FC07A4B}.Debug|x86.ActiveCfg = Debug|Win32
		{209C86C1-13AC-4AB6-A5AB-76210FC07A4B}.Debug|x86.Build.0 = Debug|Win32
		{209C86C1-13AC-4AB6-A5AB-76210FC07A4B}.Release|x64.ActiveCfg = Release|x64
		{209C86C1-13AC-4AB6-A5AB-76210FC07A4B}.Release|x64.Build.0 = Release|x64
		{209C86C1-13AC-4AB6-A5AB-76210FC07A4B}.Release|x86.ActiveCfg = Release|Win32
		{209C86C1-13AC-4AB6-A5AB-76210FC07A4B}.Release|x86.Build.0 = Release|Win32
		{F6CA7EBF-9431-4A7A-B2A5-35A2E6F9F4EF}.Debug|x64.ActiveCfg = Debug|x64
		{F6CA7EBF-9431-4A7A-B2A5-35A2E6F9F4EF}.Debug|x64.Build.0 = Debug|x64
		{F6CA7EBF-9431-4A7A-B2A5-35A2E6F9F4EF}.Debug|x86.ActiveCfg = Debug|Win32
		{F6CA7EBF-9431-4A7A-B2A5-35A2E6F9F4EF}.Debug|x86.Build.0 = Debug|Win32
		{F6CA7EBF-9431-4A7A-B2A5-35A2E6F9F4EF}.Release|x64.ActiveCfg = Release|x64
		{F6CA7EBF-9431-4A7A-B2A5-35A2E6F9F4EF}.Release|x64.Build.0 = Release|x64
		{F6CA7EBF-9431-4A7A-B2A5-35A2E6F9F4EF}.Release|x86.ActiveCfg = Release|Win32
		{F6CA7EBF-9431-4A7A-B2A5-35A2E6F9F4EF}.Release|x86.Build.0 = Release|Win32
		{54284E7E-3AA0-4BAC-836E-EC6ADAC393D1}.Debug|x64.ActiveCfg = Debug|x64
		{54284E7E-3AA0-4BAC-836E-EC6ADAC393D1}.Debug|x64.Build.0 = Debug|x64
		{54284E7E-3AA0-4BAC-836E-EC6ADAC393D1}.Debug|x86.ActiveCfg = Debug|Win32
		{54284E7E-3AA0-4BAC-836E-EC6ADAC393D1}.Debug|x86.Build.0 = Debug|Win32
		{54284E7E-3AA0-4BAC-836E-EC6ADAC393D1}.Release|x64.ActiveCfg = Release|x64
		{54284E7E-3AA0-4BAC-836E-EC6ADAC393D1}.Release|x64.Build.0 = Release|x64
		{54284E7E-3AA0-4BAC-836E-EC6ADAC393D1}.Release|x86.ActiveCfg = Release|Win32
		{54284E7E-3AA0-4BAC-836E-EC6ADAC393D1}.Release|x86.Build.0 = Release|Win32
		{61D810AB-67A5-4A54-B6E5-1D752402143A}.Debug|x64.ActiveCfg = Debug|x64
		{61D810AB-67A5-4A54-B6E5-1D752402143A}.Debug|x64.Build.0 = Debug|x64
		{61D810AB-67A5-4A54-B6E5-1D752402143A}.Debug|x86.ActiveCfg = Debug|Win32
		{61D810AB-67A5-4A54-B6E5-1D752402143A}.Debug|x86.Build.0 = Debug|Win32
		{61D810AB-67A5-4A54-B6E5-1D752402143A}.Release|x64.ActiveCfg = Release|x64
		{61D810AB-67A5-4A54-B6E5-1D752402143A}.Release|x64.Build.0 = Release|x64
		{61D810AB-67A5-4A54-B6E5-1D752402143A}.Release|x86.ActiveCfg = Release|Win32
		{61D810AB-67A5-4A54-B6E5-1D752402143A}.Release|x86.Build.0 = Release|Win32
	EndGlobalSection
	GlobalSection(SolutionProperties) = preSolution
		HideSolutionNode = FALSE
	EndGlobalSection
EndGlobal
